// !$*UTF8*$!
{
	archiveVersion = 1;
	classes = {
	};
	objectVersion = 46;
	objects = {

/* Begin PBXBuildFile section */
		833163B71E59526E008E93E7 /* AppDelegate.swift in Sources */ = {isa = PBXBuildFile; fileRef = 833163B61E59526E008E93E7 /* AppDelegate.swift */; };
		833163B91E59526E008E93E7 /* ViewController.swift in Sources */ = {isa = PBXBuildFile; fileRef = 833163B81E59526E008E93E7 /* ViewController.swift */; };
		833163BC1E59526E008E93E7 /* Main.storyboard in Resources */ = {isa = PBXBuildFile; fileRef = 833163BA1E59526E008E93E7 /* Main.storyboard */; };
		833163BE1E59526E008E93E7 /* Assets.xcassets in Resources */ = {isa = PBXBuildFile; fileRef = 833163BD1E59526E008E93E7 /* Assets.xcassets */; };
		833163C11E59526E008E93E7 /* LaunchScreen.storyboard in Resources */ = {isa = PBXBuildFile; fileRef = 833163BF1E59526E008E93E7 /* LaunchScreen.storyboard */; };
/* End PBXBuildFile section */

/* Begin PBXFileReference section */
		833163B31E59526E008E93E7 /* ReverseString.app */ = {isa = PBXFileReference; explicitFileType = wrapper.application; includeInIndex = 0; path = ReverseString.app; sourceTree = BUILT_PRODUCTS_DIR; };
		833163B61E59526E008E93E7 /* AppDelegate.swift */ = {isa = PBXFileReference; lastKnownFileType = sourcecode.swift; path = AppDelegate.swift; sourceTree = "<group>"; };
		833163B81E59526E008E93E7 /* ViewController.swift */ = {isa = PBXFileReference; lastKnownFileType = sourcecode.swift; path = ViewController.swift; sourceTree = "<group>"; };
		833163BB1E59526E008E93E7 /* Base */ = {isa = PBXFileReference; lastKnownFileType = file.storyboard; name = Base; path = Base.lproj/Main.storyboard; sourceTree = "<group>"; };
		833163BD1E59526E008E93E7 /* Assets.xcassets */ = {isa = PBXFileReference; lastKnownFileType = folder.assetcatalog; path = Assets.xcassets; sourceTree = "<group>"; };
		833163C01E59526E008E93E7 /* Base */ = {isa = PBXFileReference; lastKnownFileType = file.storyboard; name = Base; path = Base.lproj/LaunchScreen.storyboard; sourceTree = "<group>"; };
		833163C21E59526E008E93E7 /* Info.plist */ = {isa = PBXFileReference; lastKnownFileType = text.plist.xml; path = Info.plist; sourceTree = "<group>"; };
/* End PBXFileReference section */

/* Begin PBXFrameworksBuildPhase section */
		833163B01E59526D008E93E7 /* Frameworks */ = {
			isa = PBXFrameworksBuildPhase;
			buildActionMask = 2147483647;
			files = (
			);
			runOnlyForDeploymentPostprocessing = 0;
		};
/* End PBXFrameworksBuildPhase section */

/* Begin PBXGroup section */
		833163AA1E59526D008E93E7 = {
			isa = PBXGroup;
			children = (
				833163B51E59526E008E93E7 /* ReverseString */,
				833163B41E59526E008E93E7 /* Products */,
			);
			sourceTree = "<group>";
		};
		833163B41E59526E008E93E7 /* Products */ = {
			isa = PBXGroup;
			children = (
				833163B31E59526E008E93E7 /* ReverseString.app */,
			);
			name = Products;
			sourceTree = "<group>";
		};
		833163B51E59526E008E93E7 /* ReverseString */ = {
			isa = PBXGroup;
			children = (
				833163B61E59526E008E93E7 /* AppDelegate.swift */,
				833163B81E59526E008E93E7 /* ViewController.swift */,
				833163BA1E59526E008E93E7 /* Main.storyboard */,
				833163BD1E59526E008E93E7 /* Assets.xcassets */,
				833163BF1E59526E008E93E7 /* LaunchScreen.storyboard */,
				833163C21E59526E008E93E7 /* Info.plist */,
			);
			path = ReverseString;
			sourceTree = "<group>";
		};
/* End PBXGroup section */

/* Begin PBXNativeTarget section */
		833163B21E59526D008E93E7 /* ReverseString */ = {
			isa = PBXNativeTarget;
			buildConfigurationList = 833163C51E59526E008E93E7 /* Build configuration list for PBXNativeTarget "ReverseString" */;
			buildPhases = (
				833163AF1E59526D008E93E7 /* Sources */,
				833163B01E59526D008E93E7 /* Frameworks */,
				833163B11E59526D008E93E7 /* Resources */,
			);
			buildRules = (
			);
			dependencies = (
			);
			name = ReverseString;
			productName = ReverseString;
			productReference = 833163B31E59526E008E93E7 /* ReverseString.app */;
			productType = "com.apple.product-type.application";
		};
/* End PBXNativeTarget section */

/* Begin PBXProject section */
		833163AB1E59526D008E93E7 /* Project object */ = {
			isa = PBXProject;
			attributes = {
				LastSwiftUpdateCheck = 0820;
				LastUpgradeCheck = 0820;
				ORGANIZATIONNAME = "Attawee Leelaphattanapong";
				TargetAttributes = {
					833163B21E59526D008E93E7 = {
						CreatedOnToolsVersion = 8.2.1;
						DevelopmentTeam = 297X72H7XD;
						ProvisioningStyle = Automatic;
					};
				};
			};
			buildConfigurationList = 833163AE1E59526D008E93E7 /* Build configuration list for PBXProject "ReverseString" */;
			compatibilityVersion = "Xcode 3.2";
			developmentRegion = English;
			hasScannedForEncodings = 0;
			knownRegions = (
				en,
				Base,
			);
			mainGroup = 833163AA1E59526D008E93E7;
			productRefGroup = 833163B41E59526E008E93E7 /* Products */;
			projectDirPath = "";
			projectRoot = "";
			targets = (
				833163B21E59526D008E93E7 /* ReverseString */,
			);
		};
/* End PBXProject section */

/* Begin PBXResourcesBuildPhase section */
		833163B11E59526D008E93E7 /* Resources */ = {
			isa = PBXResourcesBuildPhase;
			buildActionMask = 2147483647;
			files = (
				833163C11E59526E008E93E7 /* LaunchScreen.storyboard in Resources */,
				833163BE1E59526E008E93E7 /* Assets.xcassets in Resources */,
				833163BC1E59526E008E93E7 /* Main.storyboard in Resources */,
			);
			runOnlyForDeploymentPostprocessing = 0;
		};
/* End PBXResourcesBuildPhase section */

/* Begin PBXSourcesBuildPhase section */
		833163AF1E59526D008E93E7 /* Sources */ = {
			isa = PBXSourcesBuildPhase;
			buildActionMask = 2147483647;
			files = (
				833163B91E59526E008E93E7 /* ViewController.swift in Sources */,
				833163B71E59526E008E93E7 /* AppDelegate.swift in Sources */,
			);
			runOnlyForDeploymentPostprocessing = 0;
		};
/* End PBXSourcesBuildPhase section */

/* Begin PBXVariantGroup section */
		833163BA1E59526E008E93E7 /* Main.storyboard */ = {
			isa = PBXVariantGroup;
			children = (
				833163BB1E59526E008E93E7 /* Base */,
			);
			name = Main.storyboard;
			sourceTree = "<group>";
		};
		833163BF1E59526E008E93E7 /* LaunchScreen.storyboard */ = {
			isa = PBXVariantGroup;
			children = (
				833163C01E59526E008E93E7 /* Base */,
			);
			name = LaunchScreen.storyboard;
			sourceTree = "<group>";
		};
/* End PBXVariantGroup section */

/* Begin XCBuildConfiguration section */
		833163C31E59526E008E93E7 /* Debug */ = {
			isa = XCBuildConfiguration;
			buildSettings = {
				ALWAYS_SEARCH_USER_PATHS = NO;
				CLANG_ANALYZER_NONNULL = YES;
				CLANG_CXX_LANGUAGE_STANDARD = "gnu++0x";
				CLANG_CXX_LIBRARY = "libc++";
				CLANG_ENABLE_MODULES = YES;
				CLANG_ENABLE_OBJC_ARC = YES;
				CLANG_WARN_BOOL_CONVERSION = YES;
				CLANG_WARN_CONSTANT_CONVERSION = YES;
				CLANG_WARN_DIRECT_OBJC_ISA_USAGE = YES_ERROR;
				CLANG_WARN_DOCUMENTATION_COMMENTS = YES;
				CLANG_WARN_EMPTY_BODY = YES;
				CLANG_WARN_ENUM_CONVERSION = YES;
				CLANG_WARN_INFINITE_RECURSION = YES;
				CLANG_WARN_INT_CONVERSION = YES;
				CLANG_WARN_OBJC_ROOT_CLASS = YES_ERROR;
				CLANG_WARN_SUSPICIOUS_MOVE = YES;
				CLANG_WARN_UNREACHABLE_CODE = YES;
				CLANG_WARN__DUPLICATE_METHOD_MATCH = YES;
				"CODE_SIGN_IDENTITY[sdk=iphoneos*]" = "iPhone Developer";
				COPY_PHASE_STRIP = NO;
				DEBUG_INFORMATION_FORMAT = dwarf;
				ENABLE_STRICT_OBJC_MSGSEND = YES;
				ENABLE_TESTABILITY = YES;
				GCC_C_LANGUAGE_STANDARD = gnu99;
				GCC_DYNAMIC_NO_PIC = NO;
				GCC_NO_COMMON_BLOCKS = YES;
				GCC_OPTIMIZATION_LEVEL = 0;
				GCC_PREPROCESSOR_DEFINITIONS = (
					"DEBUG=1",
					"$(inherited)",
				);
				GCC_WARN_64_TO_32_BIT_CONVERSION = YES;
				GCC_WARN_ABOUT_RETURN_TYPE = YES_ERROR;
				GCC_WARN_UNDECLARED_SELECTOR = YES;
				GCC_WARN_UNINITIALIZED_AUTOS = YES_AGGRESSIVE;
				GCC_WARN_UNUSED_FUNCTION = YES;
				GCC_WARN_UNUSED_VARIABLE = YES;
				IPHONEOS_DEPLOYMENT_TARGET = 10.2;
				MTL_ENABLE_DEBUG_INFO = YES;
				ONLY_ACTIVE_ARCH = YES;
				SDKROOT = iphoneos;
				SWIFT_ACTIVE_COMPILATION_CONDITIONS = DEBUG;
				SWIFT_OPTIMIZATION_LEVEL = "-Onone";
				TARGETED_DEVICE_FAMILY = "1,2";
			};
			name = Debug;
		};
		833163C41E59526E008E93E7 /* Release */ = {
			isa = XCBuildConfiguration;
			buildSettings = {
				ALWAYS_SEARCH_USER_PATHS = NO;
				CLANG_ANALYZER_NONNULL = YES;
				CLANG_CXX_LANGUAGE_STANDARD = "gnu++0x";
				CLANG_CXX_LIBRARY = "libc++";
				CLANG_ENABLE_MODULES = YES;
				CLANG_ENABLE_OBJC_ARC = YES;
				CLANG_WARN_BOOL_CONVERSION = YES;
				CLANG_WARN_CONSTANT_CONVERSION = YES;
				CLANG_WARN_DIRECT_OBJC_ISA_USAGE = YES_ERROR;
				CLANG_WARN_DOCUMENTATION_COMMENTS = YES;
				CLANG_WARN_EMPTY_BODY = YES;
				CLANG_WARN_ENUM_CONVERSION = YES;
				CLANG_WARN_INFINITE_RECURSION = YES;
				CLANG_WARN_INT_CONVERSION = YES;
				CLANG_WARN_OBJC_ROOT_CLASS = YES_ERROR;
				CLANG_WARN_SUSPICIOUS_MOVE = YES;
				CLANG_WARN_UNREACHABLE_CODE = YES;
				CLANG_WARN__DUPLICATE_METHOD_MATCH = YES;
				"CODE_SIGN_IDENTITY[sdk=iphoneos*]" = "iPhone Developer";
				COPY_PHASE_STRIP = NO;
				DEBUG_INFORMATION_FORMAT = "dwarf-with-dsym";
				ENABLE_NS_ASSERTIONS = NO;
				ENABLE_STRICT_OBJC_MSGSEND = YES;
				GCC_C_LANGUAGE_STANDARD = gnu99;
				GCC_NO_COMMON_BLOCKS = YES;
				GCC_WARN_64_TO_32_BIT_CONVERSION = YES;
				GCC_WARN_ABOUT_RETURN_TYPE = YES_ERROR;
				GCC_WARN_UNDECLARED_SELECTOR = YES;
				GCC_WARN_UNINITIALIZED_AUTOS = YES_AGGRESSIVE;
				GCC_WARN_UNUSED_FUNCTION = YES;
				GCC_WARN_UNUSED_VARIABLE = YES;
				IPHONEOS_DEPLOYMENT_TARGET = 10.2;
				MTL_ENABLE_DEBUG_INFO = NO;
				SDKROOT = iphoneos;
				SWIFT_OPTIMIZATION_LEVEL = "-Owholemodule";
				TARGETED_DEVICE_FAMILY = "1,2";
				VALIDATE_PRODUCT = YES;
			};
			name = Release;
		};
		833163C61E59526E008E93E7 /* Debug */ = {
			isa = XCBuildConfiguration;
			buildSettings = {
				ASSETCATALOG_COMPILER_APPICON_NAME = AppIcon;
				DEVELOPMENT_TEAM = 297X72H7XD;
				INFOPLIST_FILE = ReverseString/Info.plist;
				LD_RUNPATH_SEARCH_PATHS = "$(inherited) @executable_path/Frameworks";
				PRODUCT_BUNDLE_IDENTIFIER = com.Attawee.ReverseString;
				PRODUCT_NAME = "$(TARGET_NAME)";
				SWIFT_VERSION = 3.0;
			};
			name = Debug;
		};
		833163C71E59526E008E93E7 /* Release */ = {
			isa = XCBuildConfiguration;
			buildSettings = {
				ASSETCATALOG_COMPILER_APPICON_NAME = AppIcon;
				DEVELOPMENT_TEAM = 297X72H7XD;
				INFOPLIST_FILE = ReverseString/Info.plist;
				LD_RUNPATH_SEARCH_PATHS = "$(inherited) @executable_path/Frameworks";
				PRODUCT_BUNDLE_IDENTIFIER = com.Attawee.ReverseString;
				PRODUCT_NAME = "$(TARGET_NAME)";
				SWIFT_VERSION = 3.0;
			};
			name = Release;
		};
/* End XCBuildConfiguration section */

/* Begin XCConfigurationList section */
		833163AE1E59526D008E93E7 /* Build configuration list for PBXProject "ReverseString" */ = {
			isa = XCConfigurationList;
			buildConfigurations = (
				833163C31E59526E008E93E7 /* Debug */,
				833163C41E59526E008E93E7 /* Release */,
			);
			defaultConfigurationIsVisible = 0;
			defaultConfigurationName = Release;
		};
		833163C51E59526E008E93E7 /* Build configuration list for PBXNativeTarget "ReverseString" */ = {
			isa = XCConfigurationList;
			buildConfigurations = (
				833163C61E59526E008E93E7 /* Debug */,
				833163C71E59526E008E93E7 /* Release */,
			);
			defaultConfigurationIsVisible = 0;
		};
/* End XCConfigurationList section */
	};
	rootObject = 833163AB1E59526D008E93E7 /* Project object */;
}
